
Microsoft Visual Studio Solution File, Format Version 12.00
# Visual Studio Version 17
VisualStudioVersion = 17.9.34728.123
MinimumVisualStudioVersion = 10.0.40219.1
Project("{8BC9CEB8-8B4A-11D0-8D11-00A0C91BC942}") = "WEATHER_CLASSIFICATION", "WEATHER_CLASSIFICATION\WEATHER_CLASSIFICATION.vcxproj", "{42499057-DB6C-4D72-84E9-B3F2CFF4CD7D}"
EndProject
Global
	GlobalSection(SolutionConfigurationPlatforms) = preSolution
		Debug|x64 = Debug|x64
		Debug|x86 = Debug|x86
		Release|x64 = Release|x64
		Release|x86 = Release|x86
	EndGlobalSection
	GlobalSection(ProjectConfigurationPlatforms) = postSolution
		{42499057-DB6C-4D72-84E9-B3F2CFF4CD7D}.Debug|x64.ActiveCfg = Debug|x64
		{42499057-DB6C-4D72-84E9-B3F2CFF4CD7D}.Debug|x64.Build.0 = Debug|x64
		{42499057-DB6C-4D72-84E9-B3F2CFF4CD7D}.Debug|x86.ActiveCfg = Debug|Win32
		{42499057-DB6C-4D72-84E9-B3F2CFF4CD7D}.Debug|x86.Build.0 = Debug|Win32
		{42499057-DB6C-4D72-84E9-B3F2CFF4CD7D}.Release|x64.ActiveCfg = Release|x64
		{42499057-DB6C-4D72-84E9-B3F2CFF4CD7D}.Release|x64.Build.0 = Release|x64
		{42499057-DB6C-4D72-84E9-B3F2CFF4CD7D}.Release|x86.ActiveCfg = Release|Win32
		{42499057-DB6C-4D72-84E9-B3F2CFF4CD7D}.Release|x86.Build.0 = Release|Win32
	EndGlobalSection
	GlobalSection(SolutionProperties) = preSolution
		HideSolutionNode = FALSE
	EndGlobalSection
	GlobalSection(ExtensibilityGlobals) = postSolution
		SolutionGuid = {B25B34DA-26F9-4E8D-9AAE-5085A6E5AE54}
	EndGlobalSection
EndGlobal
